
Microsoft Visual Studio Solution File, Format Version 12.00
# Visual Studio Version 17
VisualStudioVersion = 17.9.34616.47
MinimumVisualStudioVersion = 10.0.40219.1
Project("{FAE04EC0-301F-11D3-BF4B-00C04F79EFBC}") = "InstallApp", "InstallApp.csproj", "{1B65CB8C-9739-4686-9051-BB838B479637}"
EndProject
Global
	GlobalSection(SolutionConfigurationPlatforms) = preSolution
		Debug|Any CPU = Debug|Any CPU
		Release|Any CPU = Release|Any CPU
	EndGlobalSection
	GlobalSection(ProjectConfigurationPlatforms) = postSolution
		{1B65CB8C-9739-4686-9051-BB838B479637}.Debug|Any CPU.ActiveCfg = Release|Any CPU
		{1B65CB8C-9739-4686-9051-BB838B479637}.Debug|Any CPU.Build.0 = Release|Any CPU
		{1B65CB8C-9739-4686-9051-BB838B479637}.Release|Any CPU.ActiveCfg = Release|Any CPU
		{1B65CB8C-9739-4686-9051-BB838B479637}.Release|Any CPU.Build.0 = Release|Any CPU
	EndGlobalSection
	GlobalSection(SolutionProperties) = preSolution
		HideSolutionNode = FALSE
	EndGlobalSection
	GlobalSection(ExtensibilityGlobals) = postSolution
		SolutionGuid = {D37661A1-1C43-4474-9A29-CAE79A94D1F6}
	EndGlobalSection
EndGlobal
